<?xml version="1.0" encoding="UTF-8" standalone="yes" ?>
<CodeBlocks_project_file>
	<FileVersion major="1" minor="6" />
	<Project>
		<Option title="Teknix" />
		<Option pch_mode="2" />
		<Option compiler="gcc" />
		<Build>
			<Target title="Debug">
				<Option output="bin-d/Teknix" prefix_auto="1" extension_auto="1" />
				<Option working_dir="bin-d/" />
				<Option object_output="obj/Debug/" />
				<Option type="1" />
				<Option compiler="gcc" />
				<Option use_console_runner="0" />
				<Compiler>
					<Add option="-pg" />
					<Add option="-g" />
				</Compiler>
				<Linker>
					<Add option="-pg -lgmon" />
					<Add library="sfml-main-d" />
					<Add library="sfml-system-d" />
					<Add library="sfml-window-d" />
					<Add library="sfml-graphics-d" />
					<Add library="Box2D" />
				</Linker>
			</Target>
			<Target title="Release">
				<Option output="bin/Teknix" prefix_auto="1" extension_auto="1" />
				<Option working_dir="bin/" />
				<Option object_output="obj/Release/" />
				<Option type="0" />
				<Option compiler="gcc" />
				<Compiler>
					<Add option="-O3" />
					<Add option="-O2" />
					<Add option="-O1" />
					<Add option="-O" />
					<Add option="-pg" />
				</Compiler>
				<Linker>
					<Add option="-pg -lgmon" />
					<Add library="sfml-main" />
					<Add library="sfml-system" />
					<Add library="sfml-window" />
					<Add library="sfml-graphics" />
					<Add library="Box2D_R" />
				</Linker>
			</Target>
		</Build>
		<Compiler>
			<Add option="-Wall" />
		</Compiler>
		<Unit filename="src/Block.cpp" />
		<Unit filename="src/Block.hpp" />
		<Unit filename="src/Game.cpp" />
		<Unit filename="src/Game.hpp" />
		<Unit filename="src/GameObject.cpp" />
		<Unit filename="src/GameObject.hpp" />
		<Unit filename="src/Level.cpp" />
		<Unit filename="src/Level.hpp" />
		<Unit filename="src/Main.cpp" />
		<Unit filename="src/MouseWrapper.cpp" />
		<Unit filename="src/MouseWrapper.hpp" />
		<Unit filename="src/MyContactListener.cpp" />
		<Unit filename="src/MyContactListener.hpp" />
		<Unit filename="src/ObjectManager.cpp" />
		<Unit filename="src/ObjectManager.hpp" />
		<Unit filename="src/Player.cpp" />
		<Unit filename="src/Player.hpp" />
		<Unit filename="src/TextureManager.cpp" />
		<Unit filename="src/TextureManager.hpp" />
		<Extensions>
			<code_completion />
			<envvars />
			<debugger />
			<lib_finder disable_auto="1" />
		</Extensions>
	</Project>
</CodeBlocks_project_file>
